
Microsoft Visual Studio Solution File, Format Version 12.00
# Visual Studio Version 17
VisualStudioVersion = 17.13.35931.197 d17.13
MinimumVisualStudioVersion = 10.0.40219.1
Project("{FAE04EC0-301F-11D3-BF4B-00C04F79EFBC}") = "Name_Sorter_UnitTest", "Name_Sorter_UnitTest\Name_Sorter_UnitTest.csproj", "{F84946D6-1CA6-4622-93AB-1FDF295FC005}"
EndProject
Project("{FAE04EC0-301F-11D3-BF4B-00C04F79EFBC}") = "Name_Sorter_Refactor", "Name_Sorter_Refactor\Name_Sorter_Refactor.csproj", "{A3467E2F-D25F-4230-9FCB-0C16B0F553CE}"
EndProject
Global
	GlobalSection(SolutionConfigurationPlatforms) = preSolution
		Debug|Any CPU = Debug|Any CPU
		Release|Any CPU = Release|Any CPU
	EndGlobalSection
	GlobalSection(ProjectConfigurationPlatforms) = postSolution
		{F84946D6-1CA6-4622-93AB-1FDF295FC005}.Debug|Any CPU.ActiveCfg = Debug|Any CPU
		{F84946D6-1CA6-4622-93AB-1FDF295FC005}.Debug|Any CPU.Build.0 = Debug|Any CPU
		{F84946D6-1CA6-4622-93AB-1FDF295FC005}.Release|Any CPU.ActiveCfg = Release|Any CPU
		{F84946D6-1CA6-4622-93AB-1FDF295FC005}.Release|Any CPU.Build.0 = Release|Any CPU
		{A3467E2F-D25F-4230-9FCB-0C16B0F553CE}.Debug|Any CPU.ActiveCfg = Debug|Any CPU
		{A3467E2F-D25F-4230-9FCB-0C16B0F553CE}.Debug|Any CPU.Build.0 = Debug|Any CPU
		{A3467E2F-D25F-4230-9FCB-0C16B0F553CE}.Release|Any CPU.ActiveCfg = Release|Any CPU
		{A3467E2F-D25F-4230-9FCB-0C16B0F553CE}.Release|Any CPU.Build.0 = Release|Any CPU
	EndGlobalSection
	GlobalSection(SolutionProperties) = preSolution
		HideSolutionNode = FALSE
	EndGlobalSection
	GlobalSection(ExtensibilityGlobals) = postSolution
		SolutionGuid = {A8AE6AB5-0C0C-498B-8CB5-2C1523AA3431}
	EndGlobalSection
EndGlobal
